
Microsoft Visual Studio Solution File, Format Version 12.00
# Visual Studio Version 16
VisualStudioVersion = 16.0.30503.244
MinimumVisualStudioVersion = 10.0.40219.1
Project("{888888A0-9F3D-457C-B088-3A5042F75D52}") = "Hangman", "Hangman\Hangman.pyproj", "{AE5599A4-FAD8-4907-A25F-1916262813D8}"
EndProject
Global
	GlobalSection(SolutionConfigurationPlatforms) = preSolution
		Debug|Any CPU = Debug|Any CPU
		Release|Any CPU = Release|Any CPU
	EndGlobalSection
	GlobalSection(ProjectConfigurationPlatforms) = postSolution
		{AE5599A4-FAD8-4907-A25F-1916262813D8}.Debug|Any CPU.ActiveCfg = Debug|Any CPU
		{AE5599A4-FAD8-4907-A25F-1916262813D8}.Release|Any CPU.ActiveCfg = Release|Any CPU
	EndGlobalSection
	GlobalSection(SolutionProperties) = preSolution
		HideSolutionNode = FALSE
	EndGlobalSection
	GlobalSection(ExtensibilityGlobals) = postSolution
		SolutionGuid = {CF510FFC-65C3-4B22-B84F-EB2DECF890CE}
	EndGlobalSection
EndGlobal
